
Microsoft Visual Studio Solution File, Format Version 12.00
# Visual Studio 15
Project("{FAE04EC0-301F-11D3-BF4B-00C04F79EFBC}") = "AI-LogicAndAI", "AI-LogicAndAI\AI-LogicAndAI.csproj", "{3C944D83-384D-4A3D-BBE0-FAC30617B2E2}"
EndProject
Global
	GlobalSection(SolutionConfigurationPlatforms) = preSolution
		Debug|Any CPU = Debug|Any CPU
		Release|Any CPU = Release|Any CPU
	EndGlobalSection
	GlobalSection(ProjectConfigurationPlatforms) = postSolution
		{3C944D83-384D-4A3D-BBE0-FAC30617B2E2}.Debug|Any CPU.ActiveCfg = Debug|Any CPU
		{3C944D83-384D-4A3D-BBE0-FAC30617B2E2}.Debug|Any CPU.Build.0 = Debug|Any CPU
		{3C944D83-384D-4A3D-BBE0-FAC30617B2E2}.Release|Any CPU.ActiveCfg = Release|Any CPU
		{3C944D83-384D-4A3D-BBE0-FAC30617B2E2}.Release|Any CPU.Build.0 = Release|Any CPU
	EndGlobalSection
EndGlobal
